// !$*UTF8*$!
{
	archiveVersion = 1;
	classes = {
	};
	objectVersion = 55;
	objects = {

/* Begin PBXBuildFile section */
		B71F1E0228B97942000ADF52 /* AppDelegate.swift in Sources */ = {isa = PBXBuildFile; fileRef = B71F1E0128B97942000ADF52 /* AppDelegate.swift */; };
		B71F1E0428B97942000ADF52 /* SceneDelegate.swift in Sources */ = {isa = PBXBuildFile; fileRef = B71F1E0328B97942000ADF52 /* SceneDelegate.swift */; };
		B71F1E0628B97942000ADF52 /* ViewController.swift in Sources */ = {isa = PBXBuildFile; fileRef = B71F1E0528B97942000ADF52 /* ViewController.swift */; };
		B71F1E0928B97942000ADF52 /* Main.storyboard in Resources */ = {isa = PBXBuildFile; fileRef = B71F1E0728B97942000ADF52 /* Main.storyboard */; };
		B71F1E0B28B97944000ADF52 /* Assets.xcassets in Resources */ = {isa = PBXBuildFile; fileRef = B71F1E0A28B97944000ADF52 /* Assets.xcassets */; };
		B71F1E0E28B97944000ADF52 /* LaunchScreen.storyboard in Resources */ = {isa = PBXBuildFile; fileRef = B71F1E0C28B97944000ADF52 /* LaunchScreen.storyboard */; };
		B71F1E1C28B97964000ADF52 /* WidgetKit.framework in Frameworks */ = {isa = PBXBuildFile; fileRef = B71F1E1B28B97964000ADF52 /* WidgetKit.framework */; };
		B71F1E1E28B97964000ADF52 /* SwiftUI.framework in Frameworks */ = {isa = PBXBuildFile; fileRef = B71F1E1D28B97964000ADF52 /* SwiftUI.framework */; };
		B71F1E2128B97964000ADF52 /* AnimalWidget.swift in Sources */ = {isa = PBXBuildFile; fileRef = B71F1E2028B97964000ADF52 /* AnimalWidget.swift */; };
		B71F1E2328B97965000ADF52 /* Assets.xcassets in Resources */ = {isa = PBXBuildFile; fileRef = B71F1E2228B97965000ADF52 /* Assets.xcassets */; };
		B71F1E2728B97965000ADF52 /* AnimalWidgetExtension.appex in Embed App Extensions */ = {isa = PBXBuildFile; fileRef = B71F1E1928B97964000ADF52 /* AnimalWidgetExtension.appex */; settings = {ATTRIBUTES = (RemoveHeadersOnCopy, ); }; };
/* End PBXBuildFile section */

/* Begin PBXContainerItemProxy section */
		B71F1E2528B97965000ADF52 /* PBXContainerItemProxy */ = {
			isa = PBXContainerItemProxy;
			containerPortal = B71F1DF628B97941000ADF52 /* Project object */;
			proxyType = 1;
			remoteGlobalIDString = B71F1E1828B97964000ADF52;
			remoteInfo = AnimalWidgetExtension;
		};
/* End PBXContainerItemProxy section */

/* Begin PBXCopyFilesBuildPhase section */
		B71F1E2B28B97965000ADF52 /* Embed App Extensions */ = {
			isa = PBXCopyFilesBuildPhase;
			buildActionMask = 2147483647;
			dstPath = "";
			dstSubfolderSpec = 13;
			files = (
				B71F1E2728B97965000ADF52 /* AnimalWidgetExtension.appex in Embed App Extensions */,
			);
			name = "Embed App Extensions";
			runOnlyForDeploymentPostprocessing = 0;
		};
/* End PBXCopyFilesBuildPhase section */

/* Begin PBXFileReference section */
		B71F1DFE28B97942000ADF52 /* ImageWidget.app */ = {isa = PBXFileReference; explicitFileType = wrapper.application; includeInIndex = 0; path = ImageWidget.app; sourceTree = BUILT_PRODUCTS_DIR; };
		B71F1E0128B97942000ADF52 /* AppDelegate.swift */ = {isa = PBXFileReference; lastKnownFileType = sourcecode.swift; path = AppDelegate.swift; sourceTree = "<group>"; };
		B71F1E0328B97942000ADF52 /* SceneDelegate.swift */ = {isa = PBXFileReference; lastKnownFileType = sourcecode.swift; path = SceneDelegate.swift; sourceTree = "<group>"; };
		B71F1E0528B97942000ADF52 /* ViewController.swift */ = {isa = PBXFileReference; lastKnownFileType = sourcecode.swift; path = ViewController.swift; sourceTree = "<group>"; };
		B71F1E0828B97942000ADF52 /* Base */ = {isa = PBXFileReference; lastKnownFileType = file.storyboard; name = Base; path = Base.lproj/Main.storyboard; sourceTree = "<group>"; };
		B71F1E0A28B97944000ADF52 /* Assets.xcassets */ = {isa = PBXFileReference; lastKnownFileType = folder.assetcatalog; path = Assets.xcassets; sourceTree = "<group>"; };
		B71F1E0D28B97944000ADF52 /* Base */ = {isa = PBXFileReference; lastKnownFileType = file.storyboard; name = Base; path = Base.lproj/LaunchScreen.storyboard; sourceTree = "<group>"; };
		B71F1E0F28B97944000ADF52 /* Info.plist */ = {isa = PBXFileReference; lastKnownFileType = text.plist.xml; path = Info.plist; sourceTree = "<group>"; };
		B71F1E1928B97964000ADF52 /* AnimalWidgetExtension.appex */ = {isa = PBXFileReference; explicitFileType = "wrapper.app-extension"; includeInIndex = 0; path = AnimalWidgetExtension.appex; sourceTree = BUILT_PRODUCTS_DIR; };
		B71F1E1B28B97964000ADF52 /* WidgetKit.framework */ = {isa = PBXFileReference; lastKnownFileType = wrapper.framework; name = WidgetKit.framework; path = System/Library/Frameworks/WidgetKit.framework; sourceTree = SDKROOT; };
		B71F1E1D28B97964000ADF52 /* SwiftUI.framework */ = {isa = PBXFileReference; lastKnownFileType = wrapper.framework; name = SwiftUI.framework; path = System/Library/Frameworks/SwiftUI.framework; sourceTree = SDKROOT; };
		B71F1E2028B97964000ADF52 /* AnimalWidget.swift */ = {isa = PBXFileReference; lastKnownFileType = sourcecode.swift; path = AnimalWidget.swift; sourceTree = "<group>"; };
		B71F1E2228B97965000ADF52 /* Assets.xcassets */ = {isa = PBXFileReference; lastKnownFileType = folder.assetcatalog; path = Assets.xcassets; sourceTree = "<group>"; };
		B71F1E2428B97965000ADF52 /* Info.plist */ = {isa = PBXFileReference; lastKnownFileType = text.plist.xml; path = Info.plist; sourceTree = "<group>"; };
/* End PBXFileReference section */

/* Begin PBXFrameworksBuildPhase section */
		B71F1DFB28B97942000ADF52 /* Frameworks */ = {
			isa = PBXFrameworksBuildPhase;
			buildActionMask = 2147483647;
			files = (
			);
			runOnlyForDeploymentPostprocessing = 0;
		};
		B71F1E1628B97964000ADF52 /* Frameworks */ = {
			isa = PBXFrameworksBuildPhase;
			buildActionMask = 2147483647;
			files = (
				B71F1E1E28B97964000ADF52 /* SwiftUI.framework in Frameworks */,
				B71F1E1C28B97964000ADF52 /* WidgetKit.framework in Frameworks */,
			);
			runOnlyForDeploymentPostprocessing = 0;
		};
/* End PBXFrameworksBuildPhase section */

/* Begin PBXGroup section */
		B71F1DF528B97941000ADF52 = {
			isa = PBXGroup;
			children = (
				B71F1E0028B97942000ADF52 /* ImageWidget */,
				B71F1E1F28B97964000ADF52 /* AnimalWidget */,
				B71F1E1A28B97964000ADF52 /* Frameworks */,
				B71F1DFF28B97942000ADF52 /* Products */,
			);
			sourceTree = "<group>";
		};
		B71F1DFF28B97942000ADF52 /* Products */ = {
			isa = PBXGroup;
			children = (
				B71F1DFE28B97942000ADF52 /* ImageWidget.app */,
				B71F1E1928B97964000ADF52 /* AnimalWidgetExtension.appex */,
			);
			name = Products;
			sourceTree = "<group>";
		};
		B71F1E0028B97942000ADF52 /* ImageWidget */ = {
			isa = PBXGroup;
			children = (
				B71F1E0128B97942000ADF52 /* AppDelegate.swift */,
				B71F1E0328B97942000ADF52 /* SceneDelegate.swift */,
				B71F1E0528B97942000ADF52 /* ViewController.swift */,
				B71F1E0728B97942000ADF52 /* Main.storyboard */,
				B71F1E0A28B97944000ADF52 /* Assets.xcassets */,
				B71F1E0C28B97944000ADF52 /* LaunchScreen.storyboard */,
				B71F1E0F28B97944000ADF52 /* Info.plist */,
			);
			path = ImageWidget;
			sourceTree = "<group>";
		};
		B71F1E1A28B97964000ADF52 /* Frameworks */ = {
			isa = PBXGroup;
			children = (
				B71F1E1B28B97964000ADF52 /* WidgetKit.framework */,
				B71F1E1D28B97964000ADF52 /* SwiftUI.framework */,
			);
			name = Frameworks;
			sourceTree = "<group>";
		};
		B71F1E1F28B97964000ADF52 /* AnimalWidget */ = {
			isa = PBXGroup;
			children = (
				B71F1E2028B97964000ADF52 /* AnimalWidget.swift */,
				B71F1E2228B97965000ADF52 /* Assets.xcassets */,
				B71F1E2428B97965000ADF52 /* Info.plist */,
			);
			path = AnimalWidget;
			sourceTree = "<group>";
		};
/* End PBXGroup section */

/* Begin PBXNativeTarget section */
		B71F1DFD28B97942000ADF52 /* ImageWidget */ = {
			isa = PBXNativeTarget;
			buildConfigurationList = B71F1E1228B97944000ADF52 /* Build configuration list for PBXNativeTarget "ImageWidget" */;
			buildPhases = (
				B71F1DFA28B97942000ADF52 /* Sources */,
				B71F1DFB28B97942000ADF52 /* Frameworks */,
				B71F1DFC28B97942000ADF52 /* Resources */,
				B71F1E2B28B97965000ADF52 /* Embed App Extensions */,
			);
			buildRules = (
			);
			dependencies = (
				B71F1E2628B97965000ADF52 /* PBXTargetDependency */,
			);
			name = ImageWidget;
			productName = ImageWidget;
			productReference = B71F1DFE28B97942000ADF52 /* ImageWidget.app */;
			productType = "com.apple.product-type.application";
		};
		B71F1E1828B97964000ADF52 /* AnimalWidgetExtension */ = {
			isa = PBXNativeTarget;
			buildConfigurationList = B71F1E2828B97965000ADF52 /* Build configuration list for PBXNativeTarget "AnimalWidgetExtension" */;
			buildPhases = (
				B71F1E1528B97964000ADF52 /* Sources */,
				B71F1E1628B97964000ADF52 /* Frameworks */,
				B71F1E1728B97964000ADF52 /* Resources */,
			);
			buildRules = (
			);
			dependencies = (
			);
			name = AnimalWidgetExtension;
			productName = AnimalWidgetExtension;
			productReference = B71F1E1928B97964000ADF52 /* AnimalWidgetExtension.appex */;
			productType = "com.apple.product-type.app-extension";
		};
/* End PBXNativeTarget section */

/* Begin PBXProject section */
		B71F1DF628B97941000ADF52 /* Project object */ = {
			isa = PBXProject;
			attributes = {
				BuildIndependentTargetsInParallel = 1;
				LastSwiftUpdateCheck = 1340;
				LastUpgradeCheck = 1340;
				TargetAttributes = {
					B71F1DFD28B97942000ADF52 = {
						CreatedOnToolsVersion = 13.4.1;
					};
					B71F1E1828B97964000ADF52 = {
						CreatedOnToolsVersion = 13.4.1;
					};
				};
			};
			buildConfigurationList = B71F1DF928B97941000ADF52 /* Build configuration list for PBXProject "ImageWidget" */;
			compatibilityVersion = "Xcode 13.0";
			developmentRegion = en;
			hasScannedForEncodings = 0;
			knownRegions = (
				en,
				Base,
			);
			mainGroup = B71F1DF528B97941000ADF52;
			productRefGroup = B71F1DFF28B97942000ADF52 /* Products */;
			projectDirPath = "";
			projectRoot = "";
			targets = (
				B71F1DFD28B97942000ADF52 /* ImageWidget */,
				B71F1E1828B97964000ADF52 /* AnimalWidgetExtension */,
			);
		};
/* End PBXProject section */

/* Begin PBXResourcesBuildPhase section */
		B71F1DFC28B97942000ADF52 /* Resources */ = {
			isa = PBXResourcesBuildPhase;
			buildActionMask = 2147483647;
			files = (
				B71F1E0E28B97944000ADF52 /* LaunchScreen.storyboard in Resources */,
				B71F1E0B28B97944000ADF52 /* Assets.xcassets in Resources */,
				B71F1E0928B97942000ADF52 /* Main.storyboard in Resources */,
			);
			runOnlyForDeploymentPostprocessing = 0;
		};
		B71F1E1728B97964000ADF52 /* Resources */ = {
			isa = PBXResourcesBuildPhase;
			buildActionMask = 2147483647;
			files = (
				B71F1E2328B97965000ADF52 /* Assets.xcassets in Resources */,
			);
			runOnlyForDeploymentPostprocessing = 0;
		};
/* End PBXResourcesBuildPhase section */

/* Begin PBXSourcesBuildPhase section */
		B71F1DFA28B97942000ADF52 /* Sources */ = {
			isa = PBXSourcesBuildPhase;
			buildActionMask = 2147483647;
			files = (
				B71F1E0628B97942000ADF52 /* ViewController.swift in Sources */,
				B71F1E0228B97942000ADF52 /* AppDelegate.swift in Sources */,
				B71F1E0428B97942000ADF52 /* SceneDelegate.swift in Sources */,
			);
			runOnlyForDeploymentPostprocessing = 0;
		};
		B71F1E1528B97964000ADF52 /* Sources */ = {
			isa = PBXSourcesBuildPhase;
			buildActionMask = 2147483647;
			files = (
				B71F1E2128B97964000ADF52 /* AnimalWidget.swift in Sources */,
			);
			runOnlyForDeploymentPostprocessing = 0;
		};
/* End PBXSourcesBuildPhase section */

/* Begin PBXTargetDependency section */
		B71F1E2628B97965000ADF52 /* PBXTargetDependency */ = {
			isa = PBXTargetDependency;
			target = B71F1E1828B97964000ADF52 /* AnimalWidgetExtension */;
			targetProxy = B71F1E2528B97965000ADF52 /* PBXContainerItemProxy */;
		};
/* End PBXTargetDependency section */

/* Begin PBXVariantGroup section */
		B71F1E0728B97942000ADF52 /* Main.storyboard */ = {
			isa = PBXVariantGroup;
			children = (
				B71F1E0828B97942000ADF52 /* Base */,
			);
			name = Main.storyboard;
			sourceTree = "<group>";
		};
		B71F1E0C28B97944000ADF52 /* LaunchScreen.storyboard */ = {
			isa = PBXVariantGroup;
			children = (
				B71F1E0D28B97944000ADF52 /* Base */,
			);
			name = LaunchScreen.storyboard;
			sourceTree = "<group>";
		};
/* End PBXVariantGroup section */

/* Begin XCBuildConfiguration section */
		B71F1E1028B97944000ADF52 /* Debug */ = {
			isa = XCBuildConfiguration;
			buildSettings = {
				ALWAYS_SEARCH_USER_PATHS = NO;
				CLANG_ANALYZER_NONNULL = YES;
				CLANG_ANALYZER_NUMBER_OBJECT_CONVERSION = YES_AGGRESSIVE;
				CLANG_CXX_LANGUAGE_STANDARD = "gnu++17";
				CLANG_ENABLE_MODULES = YES;
				CLANG_ENABLE_OBJC_ARC = YES;
				CLANG_ENABLE_OBJC_WEAK = YES;
				CLANG_WARN_BLOCK_CAPTURE_AUTORELEASING = YES;
				CLANG_WARN_BOOL_CONVERSION = YES;
				CLANG_WARN_COMMA = YES;
				CLANG_WARN_CONSTANT_CONVERSION = YES;
				CLANG_WARN_DEPRECATED_OBJC_IMPLEMENTATIONS = YES;
				CLANG_WARN_DIRECT_OBJC_ISA_USAGE = YES_ERROR;
				CLANG_WARN_DOCUMENTATION_COMMENTS = YES;
				CLANG_WARN_EMPTY_BODY = YES;
				CLANG_WARN_ENUM_CONVERSION = YES;
				CLANG_WARN_INFINITE_RECURSION = YES;
				CLANG_WARN_INT_CONVERSION = YES;
				CLANG_WARN_NON_LITERAL_NULL_CONVERSION = YES;
				CLANG_WARN_OBJC_IMPLICIT_RETAIN_SELF = YES;
				CLANG_WARN_OBJC_LITERAL_CONVERSION = YES;
				CLANG_WARN_OBJC_ROOT_CLASS = YES_ERROR;
				CLANG_WARN_QUOTED_INCLUDE_IN_FRAMEWORK_HEADER = YES;
				CLANG_WARN_RANGE_LOOP_ANALYSIS = YES;
				CLANG_WARN_STRICT_PROTOTYPES = YES;
				CLANG_WARN_SUSPICIOUS_MOVE = YES;
				CLANG_WARN_UNGUARDED_AVAILABILITY = YES_AGGRESSIVE;
				CLANG_WARN_UNREACHABLE_CODE = YES;
				CLANG_WARN__DUPLICATE_METHOD_MATCH = YES;
				COPY_PHASE_STRIP = NO;
				DEBUG_INFORMATION_FORMAT = dwarf;
				ENABLE_STRICT_OBJC_MSGSEND = YES;
				ENABLE_TESTABILITY = YES;
				GCC_C_LANGUAGE_STANDARD = gnu11;
				GCC_DYNAMIC_NO_PIC = NO;
				GCC_NO_COMMON_BLOCKS = YES;
				GCC_OPTIMIZATION_LEVEL = 0;
				GCC_PREPROCESSOR_DEFINITIONS = (
					"DEBUG=1",
					"$(inherited)",
				);
				GCC_WARN_64_TO_32_BIT_CONVERSION = YES;
				GCC_WARN_ABOUT_RETURN_TYPE = YES_ERROR;
				GCC_WARN_UNDECLARED_SELECTOR = YES;
				GCC_WARN_UNINITIALIZED_AUTOS = YES_AGGRESSIVE;
				GCC_WARN_UNUSED_FUNCTION = YES;
				GCC_WARN_UNUSED_VARIABLE = YES;
				IPHONEOS_DEPLOYMENT_TARGET = 15.5;
				MTL_ENABLE_DEBUG_INFO = INCLUDE_SOURCE;
				MTL_FAST_MATH = YES;
				ONLY_ACTIVE_ARCH = YES;
				SDKROOT = iphoneos;
				SWIFT_ACTIVE_COMPILATION_CONDITIONS = DEBUG;
				SWIFT_OPTIMIZATION_LEVEL = "-Onone";
			};
			name = Debug;
		};
		B71F1E1128B97944000ADF52 /* Release */ = {
			isa = XCBuildConfiguration;
			buildSettings = {
				ALWAYS_SEARCH_USER_PATHS = NO;
				CLANG_ANALYZER_NONNULL = YES;
				CLANG_ANALYZER_NUMBER_OBJECT_CONVERSION = YES_AGGRESSIVE;
				CLANG_CXX_LANGUAGE_STANDARD = "gnu++17";
				CLANG_ENABLE_MODULES = YES;
				CLANG_ENABLE_OBJC_ARC = YES;
				CLANG_ENABLE_OBJC_WEAK = YES;
				CLANG_WARN_BLOCK_CAPTURE_AUTORELEASING = YES;
				CLANG_WARN_BOOL_CONVERSION = YES;
				CLANG_WARN_COMMA = YES;
				CLANG_WARN_CONSTANT_CONVERSION = YES;
				CLANG_WARN_DEPRECATED_OBJC_IMPLEMENTATIONS = YES;
				CLANG_WARN_DIRECT_OBJC_ISA_USAGE = YES_ERROR;
				CLANG_WARN_DOCUMENTATION_COMMENTS = YES;
				CLANG_WARN_EMPTY_BODY = YES;
				CLANG_WARN_ENUM_CONVERSION = YES;
				CLANG_WARN_INFINITE_RECURSION = YES;
				CLANG_WARN_INT_CONVERSION = YES;
				CLANG_WARN_NON_LITERAL_NULL_CONVERSION = YES;
				CLANG_WARN_OBJC_IMPLICIT_RETAIN_SELF = YES;
				CLANG_WARN_OBJC_LITERAL_CONVERSION = YES;
				CLANG_WARN_OBJC_ROOT_CLASS = YES_ERROR;
				CLANG_WARN_QUOTED_INCLUDE_IN_FRAMEWORK_HEADER = YES;
				CLANG_WARN_RANGE_LOOP_ANALYSIS = YES;
				CLANG_WARN_STRICT_PROTOTYPES = YES;
				CLANG_WARN_SUSPICIOUS_MOVE = YES;
				CLANG_WARN_UNGUARDED_AVAILABILITY = YES_AGGRESSIVE;
				CLANG_WARN_UNREACHABLE_CODE = YES;
				CLANG_WARN__DUPLICATE_METHOD_MATCH = YES;
				COPY_PHASE_STRIP = NO;
				DEBUG_INFORMATION_FORMAT = "dwarf-with-dsym";
				ENABLE_NS_ASSERTIONS = NO;
				ENABLE_STRICT_OBJC_MSGSEND = YES;
				GCC_C_LANGUAGE_STANDARD = gnu11;
				GCC_NO_COMMON_BLOCKS = YES;
				GCC_WARN_64_TO_32_BIT_CONVERSION = YES;
				GCC_WARN_ABOUT_RETURN_TYPE = YES_ERROR;
				GCC_WARN_UNDECLARED_SELECTOR = YES;
				GCC_WARN_UNINITIALIZED_AUTOS = YES_AGGRESSIVE;
				GCC_WARN_UNUSED_FUNCTION = YES;
				GCC_WARN_UNUSED_VARIABLE = YES;
				IPHONEOS_DEPLOYMENT_TARGET = 15.5;
				MTL_ENABLE_DEBUG_INFO = NO;
				MTL_FAST_MATH = YES;
				SDKROOT = iphoneos;
				SWIFT_COMPILATION_MODE = wholemodule;
				SWIFT_OPTIMIZATION_LEVEL = "-O";
				VALIDATE_PRODUCT = YES;
			};
			name = Release;
		};
		B71F1E1328B97944000ADF52 /* Debug */ = {
			isa = XCBuildConfiguration;
			buildSettings = {
				ALWAYS_EMBED_SWIFT_STANDARD_LIBRARIES = YES;
				ASSETCATALOG_COMPILER_APPICON_NAME = AppIcon;
				ASSETCATALOG_COMPILER_GLOBAL_ACCENT_COLOR_NAME = AccentColor;
				CODE_SIGN_IDENTITY = "Apple Development";
				CODE_SIGN_STYLE = Automatic;
				CURRENT_PROJECT_VERSION = 1;
				DEVELOPMENT_TEAM = "";
				GENERATE_INFOPLIST_FILE = YES;
				INFOPLIST_FILE = ImageWidget/Info.plist;
				INFOPLIST_KEY_UIApplicationSupportsIndirectInputEvents = YES;
				INFOPLIST_KEY_UILaunchStoryboardName = LaunchScreen;
				INFOPLIST_KEY_UIMainStoryboardFile = Main;
				INFOPLIST_KEY_UISupportedInterfaceOrientations_iPad = "UIInterfaceOrientationPortrait UIInterfaceOrientationPortraitUpsideDown UIInterfaceOrientationLandscapeLeft UIInterfaceOrientationLandscapeRight";
				INFOPLIST_KEY_UISupportedInterfaceOrientations_iPhone = "UIInterfaceOrientationPortrait UIInterfaceOrientationLandscapeLeft UIInterfaceOrientationLandscapeRight";
				LD_RUNPATH_SEARCH_PATHS = (
					"$(inherited)",
					"@executable_path/Frameworks",
				);
				MARKETING_VERSION = 1.0;
				PRODUCT_BUNDLE_IDENTIFIER = com.radefffactory.ImageWidget;
				PRODUCT_NAME = "$(TARGET_NAME)";
				PROVISIONING_PROFILE_SPECIFIER = "";
				SWIFT_EMIT_LOC_STRINGS = YES;
				SWIFT_VERSION = 5.0;
				TARGETED_DEVICE_FAMILY = "1,2";
			};
			name = Debug;
		};
		B71F1E1428B97944000ADF52 /* Release */ = {
			isa = XCBuildConfiguration;
			buildSettings = {
				ALWAYS_EMBED_SWIFT_STANDARD_LIBRARIES = YES;
				ASSETCATALOG_COMPILER_APPICON_NAME = AppIcon;
				ASSETCATALOG_COMPILER_GLOBAL_ACCENT_COLOR_NAME = AccentColor;
				CODE_SIGN_IDENTITY = "Apple Development";
				CODE_SIGN_STYLE = Automatic;
				CURRENT_PROJECT_VERSION = 1;
				DEVELOPMENT_TEAM = "";
				GENERATE_INFOPLIST_FILE = YES;
				INFOPLIST_FILE = ImageWidget/Info.plist;
				INFOPLIST_KEY_UIApplicationSupportsIndirectInputEvents = YES;
				INFOPLIST_KEY_UILaunchStoryboardName = LaunchScreen;
				INFOPLIST_KEY_UIMainStoryboardFile = Main;
				INFOPLIST_KEY_UISupportedInterfaceOrientations_iPad = "UIInterfaceOrientationPortrait UIInterfaceOrientationPortraitUpsideDown UIInterfaceOrientationLandscapeLeft UIInterfaceOrientationLandscapeRight";
				INFOPLIST_KEY_UISupportedInterfaceOrientations_iPhone = "UIInterfaceOrientationPortrait UIInterfaceOrientationLandscapeLeft UIInterfaceOrientationLandscapeRight";
				LD_RUNPATH_SEARCH_PATHS = (
					"$(inherited)",
					"@executable_path/Frameworks",
				);
				MARKETING_VERSION = 1.0;
				PRODUCT_BUNDLE_IDENTIFIER = com.radefffactory.ImageWidget;
				PRODUCT_NAME = "$(TARGET_NAME)";
				PROVISIONING_PROFILE_SPECIFIER = "";
				SWIFT_EMIT_LOC_STRINGS = YES;
				SWIFT_VERSION = 5.0;
				TARGETED_DEVICE_FAMILY = "1,2";
			};
			name = Release;
		};
		B71F1E2928B97965000ADF52 /* Debug */ = {
			isa = XCBuildConfiguration;
			buildSettings = {
				ASSETCATALOG_COMPILER_GLOBAL_ACCENT_COLOR_NAME = AccentColor;
				ASSETCATALOG_COMPILER_WIDGET_BACKGROUND_COLOR_NAME = WidgetBackground;
				CODE_SIGN_STYLE = Automatic;
				CURRENT_PROJECT_VERSION = 1;
				GENERATE_INFOPLIST_FILE = YES;
				INFOPLIST_FILE = AnimalWidget/Info.plist;
				INFOPLIST_KEY_CFBundleDisplayName = AnimalWidget;
				INFOPLIST_KEY_NSHumanReadableCopyright = "";
				LD_RUNPATH_SEARCH_PATHS = (
					"$(inherited)",
					"@executable_path/Frameworks",
					"@executable_path/../../Frameworks",
				);
				MARKETING_VERSION = 1.0;
				PRODUCT_BUNDLE_IDENTIFIER = com.radefffactory.ImageWidget.AnimalWidget;
				PRODUCT_NAME = "$(TARGET_NAME)";
				SKIP_INSTALL = YES;
				SWIFT_EMIT_LOC_STRINGS = YES;
				SWIFT_VERSION = 5.0;
				TARGETED_DEVICE_FAMILY = "1,2";
			};
			name = Debug;
		};
		B71F1E2A28B97965000ADF52 /* Release */ = {
			isa = XCBuildConfiguration;
			buildSettings = {
				ASSETCATALOG_COMPILER_GLOBAL_ACCENT_COLOR_NAME = AccentColor;
				ASSETCATALOG_COMPILER_WIDGET_BACKGROUND_COLOR_NAME = WidgetBackground;
				CODE_SIGN_STYLE = Automatic;
				CURRENT_PROJECT_VERSION = 1;
				GENERATE_INFOPLIST_FILE = YES;
				INFOPLIST_FILE = AnimalWidget/Info.plist;
				INFOPLIST_KEY_CFBundleDisplayName = AnimalWidget;
				INFOPLIST_KEY_NSHumanReadableCopyright = "";
				LD_RUNPATH_SEARCH_PATHS = (
					"$(inherited)",
					"@executable_path/Frameworks",
					"@executable_path/../../Frameworks",
				);
				MARKETING_VERSION = 1.0;
				PRODUCT_BUNDLE_IDENTIFIER = com.radefffactory.ImageWidget.AnimalWidget;
				PRODUCT_NAME = "$(TARGET_NAME)";
				SKIP_INSTALL = YES;
				SWIFT_EMIT_LOC_STRINGS = YES;
				SWIFT_VERSION = 5.0;
				TARGETED_DEVICE_FAMILY = "1,2";
			};
			name = Release;
		};
/* End XCBuildConfiguration section */

/* Begin XCConfigurationList section */
		B71F1DF928B97941000ADF52 /* Build configuration list for PBXProject "ImageWidget" */ = {
			isa = XCConfigurationList;
			buildConfigurations = (
				B71F1E1028B97944000ADF52 /* Debug */,
				B71F1E1128B97944000ADF52 /* Release */,
			);
			defaultConfigurationIsVisible = 0;
			defaultConfigurationName = Release;
		};
		B71F1E1228B97944000ADF52 /* Build configuration list for PBXNativeTarget "ImageWidget" */ = {
			isa = XCConfigurationList;
			buildConfigurations = (
				B71F1E1328B97944000ADF52 /* Debug */,
				B71F1E1428B97944000ADF52 /* Release */,
			);
			defaultConfigurationIsVisible = 0;
			defaultConfigurationName = Release;
		};
		B71F1E2828B97965000ADF52 /* Build configuration list for PBXNativeTarget "AnimalWidgetExtension" */ = {
			isa = XCConfigurationList;
			buildConfigurations = (
				B71F1E2928B97965000ADF52 /* Debug */,
				B71F1E2A28B97965000ADF52 /* Release */,
			);
			defaultConfigurationIsVisible = 0;
			defaultConfigurationName = Release;
		};
/* End XCConfigurationList section */
	};
	rootObject = B71F1DF628B97941000ADF52 /* Project object */;
}
